// !$*UTF8*$!
{
	archiveVersion = 1;
	classes = {
	};
	objectVersion = 46;
	objects = {

/* Begin PBXBuildFile section */
		B1CF5CDC17266F5E00EBCFC2 /* UIKit.framework in Frameworks */ = {isa = PBXBuildFile; fileRef = B1CF5CDB17266F5E00EBCFC2 /* UIKit.framework */; };
		B1CF5CDE17266F5E00EBCFC2 /* Foundation.framework in Frameworks */ = {isa = PBXBuildFile; fileRef = B1CF5CDD17266F5E00EBCFC2 /* Foundation.framework */; };
		B1CF5CE017266F5E00EBCFC2 /* CoreGraphics.framework in Frameworks */ = {isa = PBXBuildFile; fileRef = B1CF5CDF17266F5E00EBCFC2 /* CoreGraphics.framework */; };
		B1CF5CE617266F5E00EBCFC2 /* InfoPlist.strings in Resources */ = {isa = PBXBuildFile; fileRef = B1CF5CE417266F5E00EBCFC2 /* InfoPlist.strings */; };
		B1CF5CE817266F5E00EBCFC2 /* main.m in Sources */ = {isa = PBXBuildFile; fileRef = B1CF5CE717266F5E00EBCFC2 /* main.m */; };
		B1CF5CEC17266F5E00EBCFC2 /* AppDelegate.m in Sources */ = {isa = PBXBuildFile; fileRef = B1CF5CEB17266F5E00EBCFC2 /* AppDelegate.m */; };
		B1CF5CEE17266F5E00EBCFC2 /* Default.png in Resources */ = {isa = PBXBuildFile; fileRef = B1CF5CED17266F5E00EBCFC2 /* Default.png */; };
		B1CF5CF017266F5E00EBCFC2 /* Default@2x.png in Resources */ = {isa = PBXBuildFile; fileRef = B1CF5CEF17266F5E00EBCFC2 /* Default@2x.png */; };
		B1CF5CF217266F5E00EBCFC2 /* Default-568h@2x.png in Resources */ = {isa = PBXBuildFile; fileRef = B1CF5CF117266F5E00EBCFC2 /* Default-568h@2x.png */; };
		B1CF5CF517266F5E00EBCFC2 /* ViewController.m in Sources */ = {isa = PBXBuildFile; fileRef = B1CF5CF417266F5E00EBCFC2 /* ViewController.m */; };
		B1CF5CF817266F5E00EBCFC2 /* ViewController.xib in Resources */ = {isa = PBXBuildFile; fileRef = B1CF5CF617266F5E00EBCFC2 /* ViewController.xib */; };
/* End PBXBuildFile section */

/* Begin PBXFileReference section */
		B1CF5CD817266F5E00EBCFC2 /* sss.app */ = {isa = PBXFileReference; explicitFileType = wrapper.application; includeInIndex = 0; path = sss.app; sourceTree = BUILT_PRODUCTS_DIR; };
		B1CF5CDB17266F5E00EBCFC2 /* UIKit.framework */ = {isa = PBXFileReference; lastKnownFileType = wrapper.framework; name = UIKit.framework; path = System/Library/Frameworks/UIKit.framework; sourceTree = SDKROOT; };
		B1CF5CDD17266F5E00EBCFC2 /* Foundation.framework */ = {isa = PBXFileReference; lastKnownFileType = wrapper.framework; name = Foundation.framework; path = System/Library/Frameworks/Foundation.framework; sourceTree = SDKROOT; };
		B1CF5CDF17266F5E00EBCFC2 /* CoreGraphics.framework */ = {isa = PBXFileReference; lastKnownFileType = wrapper.framework; name = CoreGraphics.framework; path = System/Library/Frameworks/CoreGraphics.framework; sourceTree = SDKROOT; };
		B1CF5CE317266F5E00EBCFC2 /* sss-Info.plist */ = {isa = PBXFileReference; lastKnownFileType = text.plist.xml; path = "sss-Info.plist"; sourceTree = "<group>"; };
		B1CF5CE517266F5E00EBCFC2 /* en */ = {isa = PBXFileReference; lastKnownFileType = text.plist.strings; name = en; path = en.lproj/InfoPlist.strings; sourceTree = "<group>"; };
		B1CF5CE717266F5E00EBCFC2 /* main.m */ = {isa = PBXFileReference; lastKnownFileType = sourcecode.c.objc; path = main.m; sourceTree = "<group>"; };
		B1CF5CE917266F5E00EBCFC2 /* sss-Prefix.pch */ = {isa = PBXFileReference; lastKnownFileType = sourcecode.c.h; path = "sss-Prefix.pch"; sourceTree = "<group>"; };
		B1CF5CEA17266F5E00EBCFC2 /* AppDelegate.h */ = {isa = PBXFileReference; lastKnownFileType = sourcecode.c.h; path = AppDelegate.h; sourceTree = "<group>"; };
		B1CF5CEB17266F5E00EBCFC2 /* AppDelegate.m */ = {isa = PBXFileReference; lastKnownFileType = sourcecode.c.objc; path = AppDelegate.m; sourceTree = "<group>"; };
		B1CF5CED17266F5E00EBCFC2 /* Default.png */ = {isa = PBXFileReference; lastKnownFileType = image.png; path = Default.png; sourceTree = "<group>"; };
		B1CF5CEF17266F5E00EBCFC2 /* Default@2x.png */ = {isa = PBXFileReference; lastKnownFileType = image.png; path = "Default@2x.png"; sourceTree = "<group>"; };
		B1CF5CF117266F5E00EBCFC2 /* Default-568h@2x.png */ = {isa = PBXFileReference; lastKnownFileType = image.png; path = "Default-568h@2x.png"; sourceTree = "<group>"; };
		B1CF5CF317266F5E00EBCFC2 /* ViewController.h */ = {isa = PBXFileReference; lastKnownFileType = sourcecode.c.h; path = ViewController.h; sourceTree = "<group>"; };
		B1CF5CF417266F5E00EBCFC2 /* ViewController.m */ = {isa = PBXFileReference; lastKnownFileType = sourcecode.c.objc; path = ViewController.m; sourceTree = "<group>"; };
		B1CF5CF717266F5E00EBCFC2 /* en */ = {isa = PBXFileReference; lastKnownFileType = file.xib; name = en; path = en.lproj/ViewController.xib; sourceTree = "<group>"; };
/* End PBXFileReference section */

/* Begin PBXFrameworksBuildPhase section */
		B1CF5CD517266F5E00EBCFC2 /* Frameworks */ = {
			isa = PBXFrameworksBuildPhase;
			buildActionMask = 2147483647;
			files = (
				B1CF5CDC17266F5E00EBCFC2 /* UIKit.framework in Frameworks */,
				B1CF5CDE17266F5E00EBCFC2 /* Foundation.framework in Frameworks */,
				B1CF5CE017266F5E00EBCFC2 /* CoreGraphics.framework in Frameworks */,
			);
			runOnlyForDeploymentPostprocessing = 0;
		};
/* End PBXFrameworksBuildPhase section */

/* Begin PBXGroup section */
		B1CF5CCF17266F5E00EBCFC2 = {
			isa = PBXGroup;
			children = (
				B1CF5CE117266F5E00EBCFC2 /* sss */,
				B1CF5CDA17266F5E00EBCFC2 /* Frameworks */,
				B1CF5CD917266F5E00EBCFC2 /* Products */,
			);
			sourceTree = "<group>";
		};
		B1CF5CD917266F5E00EBCFC2 /* Products */ = {
			isa = PBXGroup;
			children = (
				B1CF5CD817266F5E00EBCFC2 /* sss.app */,
			);
			name = Products;
			sourceTree = "<group>";
		};
		B1CF5CDA17266F5E00EBCFC2 /* Frameworks */ = {
			isa = PBXGroup;
			children = (
				B1CF5CDB17266F5E00EBCFC2 /* UIKit.framework */,
				B1CF5CDD17266F5E00EBCFC2 /* Foundation.framework */,
				B1CF5CDF17266F5E00EBCFC2 /* CoreGraphics.framework */,
			);
			name = Frameworks;
			sourceTree = "<group>";
		};
		B1CF5CE117266F5E00EBCFC2 /* sss */ = {
			isa = PBXGroup;
			children = (
				B1CF5CEA17266F5E00EBCFC2 /* AppDelegate.h */,
				B1CF5CEB17266F5E00EBCFC2 /* AppDelegate.m */,
				B1CF5CF317266F5E00EBCFC2 /* ViewController.h */,
				B1CF5CF417266F5E00EBCFC2 /* ViewController.m */,
				B1CF5CF617266F5E00EBCFC2 /* ViewController.xib */,
				B1CF5CE217266F5E00EBCFC2 /* Supporting Files */,
			);
			path = sss;
			sourceTree = "<group>";
		};
		B1CF5CE217266F5E00EBCFC2 /* Supporting Files */ = {
			isa = PBXGroup;
			children = (
				B1CF5CE317266F5E00EBCFC2 /* sss-Info.plist */,
				B1CF5CE417266F5E00EBCFC2 /* InfoPlist.strings */,
				B1CF5CE717266F5E00EBCFC2 /* main.m */,
				B1CF5CE917266F5E00EBCFC2 /* sss-Prefix.pch */,
				B1CF5CED17266F5E00EBCFC2 /* Default.png */,
				B1CF5CEF17266F5E00EBCFC2 /* Default@2x.png */,
				B1CF5CF117266F5E00EBCFC2 /* Default-568h@2x.png */,
			);
			name = "Supporting Files";
			sourceTree = "<group>";
		};
/* End PBXGroup section */

/* Begin PBXNativeTarget section */
		B1CF5CD717266F5E00EBCFC2 /* sss */ = {
			isa = PBXNativeTarget;
			buildConfigurationList = B1CF5CFB17266F5E00EBCFC2 /* Build configuration list for PBXNativeTarget "sss" */;
			buildPhases = (
				B1CF5CD417266F5E00EBCFC2 /* Sources */,
				B1CF5CD517266F5E00EBCFC2 /* Frameworks */,
				B1CF5CD617266F5E00EBCFC2 /* Resources */,
			);
			buildRules = (
			);
			dependencies = (
			);
			name = sss;
			productName = sss;
			productReference = B1CF5CD817266F5E00EBCFC2 /* sss.app */;
			productType = "com.apple.product-type.application";
		};
/* End PBXNativeTarget section */

/* Begin PBXProject section */
		B1CF5CD017266F5E00EBCFC2 /* Project object */ = {
			isa = PBXProject;
			attributes = {
				LastUpgradeCheck = 0460;
				ORGANIZATIONNAME = "Vincent Tang";
			};
			buildConfigurationList = B1CF5CD317266F5E00EBCFC2 /* Build configuration list for PBXProject "sss" */;
			compatibilityVersion = "Xcode 3.2";
			developmentRegion = English;
			hasScannedForEncodings = 0;
			knownRegions = (
				en,
			);
			mainGroup = B1CF5CCF17266F5E00EBCFC2;
			productRefGroup = B1CF5CD917266F5E00EBCFC2 /* Products */;
			projectDirPath = "";
			projectRoot = "";
			targets = (
				B1CF5CD717266F5E00EBCFC2 /* sss */,
			);
		};
/* End PBXProject section */

/* Begin PBXResourcesBuildPhase section */
		B1CF5CD617266F5E00EBCFC2 /* Resources */ = {
			isa = PBXResourcesBuildPhase;
			buildActionMask = 2147483647;
			files = (
				B1CF5CE617266F5E00EBCFC2 /* InfoPlist.strings in Resources */,
				B1CF5CEE17266F5E00EBCFC2 /* Default.png in Resources */,
				B1CF5CF017266F5E00EBCFC2 /* Default@2x.png in Resources */,
				B1CF5CF217266F5E00EBCFC2 /* Default-568h@2x.png in Resources */,
				B1CF5CF817266F5E00EBCFC2 /* ViewController.xib in Resources */,
			);
			runOnlyForDeploymentPostprocessing = 0;
		};
/* End PBXResourcesBuildPhase section */

/* Begin PBXSourcesBuildPhase section */
		B1CF5CD417266F5E00EBCFC2 /* Sources */ = {
			isa = PBXSourcesBuildPhase;
			buildActionMask = 2147483647;
			files = (
				B1CF5CE817266F5E00EBCFC2 /* main.m in Sources */,
				B1CF5CEC17266F5E00EBCFC2 /* AppDelegate.m in Sources */,
				B1CF5CF517266F5E00EBCFC2 /* ViewController.m in Sources */,
			);
			runOnlyForDeploymentPostprocessing = 0;
		};
/* End PBXSourcesBuildPhase section */

/* Begin PBXVariantGroup section */
		B1CF5CE417266F5E00EBCFC2 /* InfoPlist.strings */ = {
			isa = PBXVariantGroup;
			children = (
				B1CF5CE517266F5E00EBCFC2 /* en */,
			);
			name = InfoPlist.strings;
			sourceTree = "<group>";
		};
		B1CF5CF617266F5E00EBCFC2 /* ViewController.xib */ = {
			isa = PBXVariantGroup;
			children = (
				B1CF5CF717266F5E00EBCFC2 /* en */,
			);
			name = ViewController.xib;
			sourceTree = "<group>";
		};
/* End PBXVariantGroup section */

/* Begin XCBuildConfiguration section */
		B1CF5CF917266F5E00EBCFC2 /* Debug */ = {
			isa = XCBuildConfiguration;
			buildSettings = {
				ALWAYS_SEARCH_USER_PATHS = NO;
				CLANG_CXX_LANGUAGE_STANDARD = "gnu++0x";
				CLANG_CXX_LIBRARY = "libc++";
				CLANG_ENABLE_OBJC_ARC = YES;
				CLANG_WARN_CONSTANT_CONVERSION = YES;
				CLANG_WARN_EMPTY_BODY = YES;
				CLANG_WARN_ENUM_CONVERSION = YES;
				CLANG_WARN_INT_CONVERSION = YES;
				CLANG_WARN__DUPLICATE_METHOD_MATCH = YES;
				"CODE_SIGN_IDENTITY[sdk=iphoneos*]" = "iPhone Developer";
				COPY_PHASE_STRIP = NO;
				GCC_C_LANGUAGE_STANDARD = gnu99;
				GCC_DYNAMIC_NO_PIC = NO;
				GCC_OPTIMIZATION_LEVEL = 0;
				GCC_PREPROCESSOR_DEFINITIONS = (
					"DEBUG=1",
					"$(inherited)",
				);
				GCC_SYMBOLS_PRIVATE_EXTERN = NO;
				GCC_WARN_ABOUT_RETURN_TYPE = YES;
				GCC_WARN_UNINITIALIZED_AUTOS = YES;
				GCC_WARN_UNUSED_VARIABLE = YES;
				IPHONEOS_DEPLOYMENT_TARGET = 6.1;
				ONLY_ACTIVE_ARCH = YES;
				SDKROOT = iphoneos;
			};
			name = Debug;
		};
		B1CF5CFA17266F5E00EBCFC2 /* Release */ = {
			isa = XCBuildConfiguration;
			buildSettings = {
				ALWAYS_SEARCH_USER_PATHS = NO;
				CLANG_CXX_LANGUAGE_STANDARD = "gnu++0x";
				CLANG_CXX_LIBRARY = "libc++";
				CLANG_ENABLE_OBJC_ARC = YES;
				CLANG_WARN_CONSTANT_CONVERSION = YES;
				CLANG_WARN_EMPTY_BODY = YES;
				CLANG_WARN_ENUM_CONVERSION = YES;
				CLANG_WARN_INT_CONVERSION = YES;
				CLANG_WARN__DUPLICATE_METHOD_MATCH = YES;
				"CODE_SIGN_IDENTITY[sdk=iphoneos*]" = "iPhone Developer";
				COPY_PHASE_STRIP = YES;
				GCC_C_LANGUAGE_STANDARD = gnu99;
				GCC_WARN_ABOUT_RETURN_TYPE = YES;
				GCC_WARN_UNINITIALIZED_AUTOS = YES;
				GCC_WARN_UNUSED_VARIABLE = YES;
				IPHONEOS_DEPLOYMENT_TARGET = 6.1;
				OTHER_CFLAGS = "-DNS_BLOCK_ASSERTIONS=1";
				SDKROOT = iphoneos;
				VALIDATE_PRODUCT = YES;
			};
			name = Release;
		};
		B1CF5CFC17266F5E00EBCFC2 /* Debug */ = {
			isa = XCBuildConfiguration;
			buildSettings = {
				GCC_PRECOMPILE_PREFIX_HEADER = YES;
				GCC_PREFIX_HEADER = "sss/sss-Prefix.pch";
				INFOPLIST_FILE = "sss/sss-Info.plist";
				PRODUCT_NAME = "$(TARGET_NAME)";
				WRAPPER_EXTENSION = app;
			};
			name = Debug;
		};
		B1CF5CFD17266F5E00EBCFC2 /* Release */ = {
			isa = XCBuildConfiguration;
			buildSettings = {
				GCC_PRECOMPILE_PREFIX_HEADER = YES;
				GCC_PREFIX_HEADER = "sss/sss-Prefix.pch";
				INFOPLIST_FILE = "sss/sss-Info.plist";
				PRODUCT_NAME = "$(TARGET_NAME)";
				WRAPPER_EXTENSION = app;
			};
			name = Release;
		};
/* End XCBuildConfiguration section */

/* Begin XCConfigurationList section */
		B1CF5CD317266F5E00EBCFC2 /* Build configuration list for PBXProject "sss" */ = {
			isa = XCConfigurationList;
			buildConfigurations = (
				B1CF5CF917266F5E00EBCFC2 /* Debug */,
				B1CF5CFA17266F5E00EBCFC2 /* Release */,
			);
			defaultConfigurationIsVisible = 0;
			defaultConfigurationName = Release;
		};
		B1CF5CFB17266F5E00EBCFC2 /* Build configuration list for PBXNativeTarget "sss" */ = {
			isa = XCConfigurationList;
			buildConfigurations = (
				B1CF5CFC17266F5E00EBCFC2 /* Debug */,
				B1CF5CFD17266F5E00EBCFC2 /* Release */,
			);
			defaultConfigurationIsVisible = 0;
		};
/* End XCConfigurationList section */
	};
	rootObject = B1CF5CD017266F5E00EBCFC2 /* Project object */;
}
